
Microsoft Visual Studio Solution File, Format Version 12.00
# Visual Studio Version 17
VisualStudioVersion = 17.2.32602.215
MinimumVisualStudioVersion = 10.0.40219.1
Project("{FAE04EC0-301F-11D3-BF4B-00C04F79EFBC}") = "Task1", "Task1\Task1.csproj", "{33474767-5427-4B0E-BEDE-8BAB885D3C73}"
EndProject
Global
	GlobalSection(SolutionConfigurationPlatforms) = preSolution
		Debug|Any CPU = Debug|Any CPU
		Release|Any CPU = Release|Any CPU
	EndGlobalSection
	GlobalSection(ProjectConfigurationPlatforms) = postSolution
		{33474767-5427-4B0E-BEDE-8BAB885D3C73}.Debug|Any CPU.ActiveCfg = Debug|Any CPU
		{33474767-5427-4B0E-BEDE-8BAB885D3C73}.Debug|Any CPU.Build.0 = Debug|Any CPU
		{33474767-5427-4B0E-BEDE-8BAB885D3C73}.Release|Any CPU.ActiveCfg = Release|Any CPU
		{33474767-5427-4B0E-BEDE-8BAB885D3C73}.Release|Any CPU.Build.0 = Release|Any CPU
	EndGlobalSection
	GlobalSection(SolutionProperties) = preSolution
		HideSolutionNode = FALSE
	EndGlobalSection
	GlobalSection(ExtensibilityGlobals) = postSolution
		SolutionGuid = {2E755633-5B09-4270-9CA9-495EE2E840C7}
	EndGlobalSection
EndGlobal
